// !$*UTF8*$!
{
	archiveVersion = 1;
	classes = {
	};
	objectVersion = 50;
	objects = {

/* Begin PBXBuildFile section */
		EA4BFD0023A79849008AE10A /* AppDelegate.swift in Sources */ = {isa = PBXBuildFile; fileRef = EA4BFCFF23A79849008AE10A /* AppDelegate.swift */; };
		EA4BFD0323A7984A008AE10A /* Assets.xcassets in Resources */ = {isa = PBXBuildFile; fileRef = EA4BFD0223A7984A008AE10A /* Assets.xcassets */; };
		EA4BFD0623A7984A008AE10A /* LaunchScreen.storyboard in Resources */ = {isa = PBXBuildFile; fileRef = EA4BFD0423A7984A008AE10A /* LaunchScreen.storyboard */; };
		EA4BFD1523A798AD008AE10A /* serials.js in Resources */ = {isa = PBXBuildFile; fileRef = EA4BFD0E23A798AD008AE10A /* serials.js */; };
		EA4BFD1623A798AD008AE10A /* templates.js in Resources */ = {isa = PBXBuildFile; fileRef = EA4BFD0F23A798AD008AE10A /* templates.js */; };
		EA4BFD1723A798AD008AE10A /* application.js in Resources */ = {isa = PBXBuildFile; fileRef = EA4BFD1023A798AD008AE10A /* application.js */; };
		EA4BFD1823A798AD008AE10A /* proxy.js in Resources */ = {isa = PBXBuildFile; fileRef = EA4BFD1123A798AD008AE10A /* proxy.js */; };
		EA4BFD1923A798AD008AE10A /* login.js in Resources */ = {isa = PBXBuildFile; fileRef = EA4BFD1223A798AD008AE10A /* login.js */; };
		EA4BFD1A23A798AD008AE10A /* api.js in Resources */ = {isa = PBXBuildFile; fileRef = EA4BFD1323A798AD008AE10A /* api.js */; };
		EA4BFD1B23A798AD008AE10A /* builder.js in Resources */ = {isa = PBXBuildFile; fileRef = EA4BFD1423A798AD008AE10A /* builder.js */; };
/* End PBXBuildFile section */

/* Begin PBXFileReference section */
		EA4BFCFC23A79849008AE10A /* seasonvarapp.app */ = {isa = PBXFileReference; explicitFileType = wrapper.application; includeInIndex = 0; path = seasonvarapp.app; sourceTree = BUILT_PRODUCTS_DIR; };
		EA4BFCFF23A79849008AE10A /* AppDelegate.swift */ = {isa = PBXFileReference; lastKnownFileType = sourcecode.swift; path = AppDelegate.swift; sourceTree = "<group>"; };
		EA4BFD0223A7984A008AE10A /* Assets.xcassets */ = {isa = PBXFileReference; lastKnownFileType = folder.assetcatalog; path = Assets.xcassets; sourceTree = "<group>"; };
		EA4BFD0523A7984A008AE10A /* Base */ = {isa = PBXFileReference; lastKnownFileType = file.storyboard; name = Base; path = Base.lproj/LaunchScreen.storyboard; sourceTree = "<group>"; };
		EA4BFD0723A7984A008AE10A /* Info.plist */ = {isa = PBXFileReference; lastKnownFileType = text.plist.xml; path = Info.plist; sourceTree = "<group>"; };
		EA4BFD0E23A798AD008AE10A /* serials.js */ = {isa = PBXFileReference; fileEncoding = 4; lastKnownFileType = sourcecode.javascript; path = serials.js; sourceTree = "<group>"; };
		EA4BFD0F23A798AD008AE10A /* templates.js */ = {isa = PBXFileReference; fileEncoding = 4; lastKnownFileType = sourcecode.javascript; path = templates.js; sourceTree = "<group>"; };
		EA4BFD1023A798AD008AE10A /* application.js */ = {isa = PBXFileReference; fileEncoding = 4; lastKnownFileType = sourcecode.javascript; path = application.js; sourceTree = "<group>"; };
		EA4BFD1123A798AD008AE10A /* proxy.js */ = {isa = PBXFileReference; fileEncoding = 4; lastKnownFileType = sourcecode.javascript; path = proxy.js; sourceTree = "<group>"; };
		EA4BFD1223A798AD008AE10A /* login.js */ = {isa = PBXFileReference; fileEncoding = 4; lastKnownFileType = sourcecode.javascript; path = login.js; sourceTree = "<group>"; };
		EA4BFD1323A798AD008AE10A /* api.js */ = {isa = PBXFileReference; fileEncoding = 4; lastKnownFileType = sourcecode.javascript; path = api.js; sourceTree = "<group>"; };
		EA4BFD1423A798AD008AE10A /* builder.js */ = {isa = PBXFileReference; fileEncoding = 4; lastKnownFileType = sourcecode.javascript; path = builder.js; sourceTree = "<group>"; };
/* End PBXFileReference section */

/* Begin PBXFrameworksBuildPhase section */
		EA4BFCF923A79849008AE10A /* Frameworks */ = {
			isa = PBXFrameworksBuildPhase;
			buildActionMask = 2147483647;
			files = (
			);
			runOnlyForDeploymentPostprocessing = 0;
		};
/* End PBXFrameworksBuildPhase section */

/* Begin PBXGroup section */
		EA4BFCF323A79849008AE10A = {
			isa = PBXGroup;
			children = (
				EA4BFCFE23A79849008AE10A /* seasonvarapp */,
				EA4BFCFD23A79849008AE10A /* Products */,
			);
			sourceTree = "<group>";
		};
		EA4BFCFD23A79849008AE10A /* Products */ = {
			isa = PBXGroup;
			children = (
				EA4BFCFC23A79849008AE10A /* seasonvarapp.app */,
			);
			name = Products;
			sourceTree = "<group>";
		};
		EA4BFCFE23A79849008AE10A /* seasonvarapp */ = {
			isa = PBXGroup;
			children = (
				EA4BFD0D23A79886008AE10A /* server */,
				EA4BFCFF23A79849008AE10A /* AppDelegate.swift */,
				EA4BFD0223A7984A008AE10A /* Assets.xcassets */,
				EA4BFD0423A7984A008AE10A /* LaunchScreen.storyboard */,
				EA4BFD0723A7984A008AE10A /* Info.plist */,
			);
			path = seasonvarapp;
			sourceTree = "<group>";
		};
		EA4BFD0D23A79886008AE10A /* server */ = {
			isa = PBXGroup;
			children = (
				EA4BFD1323A798AD008AE10A /* api.js */,
				EA4BFD1023A798AD008AE10A /* application.js */,
				EA4BFD1423A798AD008AE10A /* builder.js */,
				EA4BFD1223A798AD008AE10A /* login.js */,
				EA4BFD1123A798AD008AE10A /* proxy.js */,
				EA4BFD0E23A798AD008AE10A /* serials.js */,
				EA4BFD0F23A798AD008AE10A /* templates.js */,
			);
			path = server;
			sourceTree = "<group>";
		};
/* End PBXGroup section */

/* Begin PBXNativeTarget section */
		EA4BFCFB23A79849008AE10A /* seasonvarapp */ = {
			isa = PBXNativeTarget;
			buildConfigurationList = EA4BFD0A23A7984A008AE10A /* Build configuration list for PBXNativeTarget "seasonvarapp" */;
			buildPhases = (
				EA4BFCF823A79849008AE10A /* Sources */,
				EA4BFCF923A79849008AE10A /* Frameworks */,
				EA4BFCFA23A79849008AE10A /* Resources */,
			);
			buildRules = (
			);
			dependencies = (
			);
			name = seasonvarapp;
			productName = seasonvarapp;
			productReference = EA4BFCFC23A79849008AE10A /* seasonvarapp.app */;
			productType = "com.apple.product-type.application";
		};
/* End PBXNativeTarget section */

/* Begin PBXProject section */
		EA4BFCF423A79849008AE10A /* Project object */ = {
			isa = PBXProject;
			attributes = {
				LastSwiftUpdateCheck = 1130;
				LastUpgradeCheck = 1130;
				ORGANIZATIONNAME = shustrik;
				TargetAttributes = {
					EA4BFCFB23A79849008AE10A = {
						CreatedOnToolsVersion = 11.3;
					};
				};
			};
			buildConfigurationList = EA4BFCF723A79849008AE10A /* Build configuration list for PBXProject "seasonvarapp" */;
			compatibilityVersion = "Xcode 9.3";
			developmentRegion = en;
			hasScannedForEncodings = 0;
			knownRegions = (
				en,
				Base,
			);
			mainGroup = EA4BFCF323A79849008AE10A;
			productRefGroup = EA4BFCFD23A79849008AE10A /* Products */;
			projectDirPath = "";
			projectRoot = "";
			targets = (
				EA4BFCFB23A79849008AE10A /* seasonvarapp */,
			);
		};
/* End PBXProject section */

/* Begin PBXResourcesBuildPhase section */
		EA4BFCFA23A79849008AE10A /* Resources */ = {
			isa = PBXResourcesBuildPhase;
			buildActionMask = 2147483647;
			files = (
				EA4BFD0323A7984A008AE10A /* Assets.xcassets in Resources */,
				EA4BFD1923A798AD008AE10A /* login.js in Resources */,
				EA4BFD1823A798AD008AE10A /* proxy.js in Resources */,
				EA4BFD1A23A798AD008AE10A /* api.js in Resources */,
				EA4BFD1523A798AD008AE10A /* serials.js in Resources */,
				EA4BFD1623A798AD008AE10A /* templates.js in Resources */,
				EA4BFD1723A798AD008AE10A /* application.js in Resources */,
				EA4BFD1B23A798AD008AE10A /* builder.js in Resources */,
				EA4BFD0623A7984A008AE10A /* LaunchScreen.storyboard in Resources */,
			);
			runOnlyForDeploymentPostprocessing = 0;
		};
/* End PBXResourcesBuildPhase section */

/* Begin PBXSourcesBuildPhase section */
		EA4BFCF823A79849008AE10A /* Sources */ = {
			isa = PBXSourcesBuildPhase;
			buildActionMask = 2147483647;
			files = (
				EA4BFD0023A79849008AE10A /* AppDelegate.swift in Sources */,
			);
			runOnlyForDeploymentPostprocessing = 0;
		};
/* End PBXSourcesBuildPhase section */

/* Begin PBXVariantGroup section */
		EA4BFD0423A7984A008AE10A /* LaunchScreen.storyboard */ = {
			isa = PBXVariantGroup;
			children = (
				EA4BFD0523A7984A008AE10A /* Base */,
			);
			name = LaunchScreen.storyboard;
			sourceTree = "<group>";
		};
/* End PBXVariantGroup section */

/* Begin XCBuildConfiguration section */
		EA4BFD0823A7984A008AE10A /* Debug */ = {
			isa = XCBuildConfiguration;
			buildSettings = {
				ALWAYS_SEARCH_USER_PATHS = NO;
				CLANG_ANALYZER_NONNULL = YES;
				CLANG_ANALYZER_NUMBER_OBJECT_CONVERSION = YES_AGGRESSIVE;
				CLANG_CXX_LANGUAGE_STANDARD = "gnu++14";
				CLANG_CXX_LIBRARY = "libc++";
				CLANG_ENABLE_MODULES = YES;
				CLANG_ENABLE_OBJC_ARC = YES;
				CLANG_ENABLE_OBJC_WEAK = YES;
				CLANG_WARN_BLOCK_CAPTURE_AUTORELEASING = YES;
				CLANG_WARN_BOOL_CONVERSION = YES;
				CLANG_WARN_COMMA = YES;
				CLANG_WARN_CONSTANT_CONVERSION = YES;
				CLANG_WARN_DEPRECATED_OBJC_IMPLEMENTATIONS = YES;
				CLANG_WARN_DIRECT_OBJC_ISA_USAGE = YES_ERROR;
				CLANG_WARN_DOCUMENTATION_COMMENTS = YES;
				CLANG_WARN_EMPTY_BODY = YES;
				CLANG_WARN_ENUM_CONVERSION = YES;
				CLANG_WARN_INFINITE_RECURSION = YES;
				CLANG_WARN_INT_CONVERSION = YES;
				CLANG_WARN_NON_LITERAL_NULL_CONVERSION = YES;
				CLANG_WARN_OBJC_IMPLICIT_RETAIN_SELF = YES;
				CLANG_WARN_OBJC_LITERAL_CONVERSION = YES;
				CLANG_WARN_OBJC_ROOT_CLASS = YES_ERROR;
				CLANG_WARN_RANGE_LOOP_ANALYSIS = YES;
				CLANG_WARN_STRICT_PROTOTYPES = YES;
				CLANG_WARN_SUSPICIOUS_MOVE = YES;
				CLANG_WARN_UNGUARDED_AVAILABILITY = YES_AGGRESSIVE;
				CLANG_WARN_UNREACHABLE_CODE = YES;
				CLANG_WARN__DUPLICATE_METHOD_MATCH = YES;
				COPY_PHASE_STRIP = NO;
				DEBUG_INFORMATION_FORMAT = dwarf;
				ENABLE_STRICT_OBJC_MSGSEND = YES;
				ENABLE_TESTABILITY = YES;
				GCC_C_LANGUAGE_STANDARD = gnu11;
				GCC_DYNAMIC_NO_PIC = NO;
				GCC_NO_COMMON_BLOCKS = YES;
				GCC_OPTIMIZATION_LEVEL = 0;
				GCC_PREPROCESSOR_DEFINITIONS = (
					"DEBUG=1",
					"$(inherited)",
				);
				GCC_WARN_64_TO_32_BIT_CONVERSION = YES;
				GCC_WARN_ABOUT_RETURN_TYPE = YES_ERROR;
				GCC_WARN_UNDECLARED_SELECTOR = YES;
				GCC_WARN_UNINITIALIZED_AUTOS = YES_AGGRESSIVE;
				GCC_WARN_UNUSED_FUNCTION = YES;
				GCC_WARN_UNUSED_VARIABLE = YES;
				MTL_ENABLE_DEBUG_INFO = INCLUDE_SOURCE;
				MTL_FAST_MATH = YES;
				ONLY_ACTIVE_ARCH = YES;
				SDKROOT = appletvos;
				SWIFT_ACTIVE_COMPILATION_CONDITIONS = DEBUG;
				SWIFT_OPTIMIZATION_LEVEL = "-Onone";
				TVOS_DEPLOYMENT_TARGET = 13.2;
			};
			name = Debug;
		};
		EA4BFD0923A7984A008AE10A /* Release */ = {
			isa = XCBuildConfiguration;
			buildSettings = {
				ALWAYS_SEARCH_USER_PATHS = NO;
				CLANG_ANALYZER_NONNULL = YES;
				CLANG_ANALYZER_NUMBER_OBJECT_CONVERSION = YES_AGGRESSIVE;
				CLANG_CXX_LANGUAGE_STANDARD = "gnu++14";
				CLANG_CXX_LIBRARY = "libc++";
				CLANG_ENABLE_MODULES = YES;
				CLANG_ENABLE_OBJC_ARC = YES;
				CLANG_ENABLE_OBJC_WEAK = YES;
				CLANG_WARN_BLOCK_CAPTURE_AUTORELEASING = YES;
				CLANG_WARN_BOOL_CONVERSION = YES;
				CLANG_WARN_COMMA = YES;
				CLANG_WARN_CONSTANT_CONVERSION = YES;
				CLANG_WARN_DEPRECATED_OBJC_IMPLEMENTATIONS = YES;
				CLANG_WARN_DIRECT_OBJC_ISA_USAGE = YES_ERROR;
				CLANG_WARN_DOCUMENTATION_COMMENTS = YES;
				CLANG_WARN_EMPTY_BODY = YES;
				CLANG_WARN_ENUM_CONVERSION = YES;
				CLANG_WARN_INFINITE_RECURSION = YES;
				CLANG_WARN_INT_CONVERSION = YES;
				CLANG_WARN_NON_LITERAL_NULL_CONVERSION = YES;
				CLANG_WARN_OBJC_IMPLICIT_RETAIN_SELF = YES;
				CLANG_WARN_OBJC_LITERAL_CONVERSION = YES;
				CLANG_WARN_OBJC_ROOT_CLASS = YES_ERROR;
				CLANG_WARN_RANGE_LOOP_ANALYSIS = YES;
				CLANG_WARN_STRICT_PROTOTYPES = YES;
				CLANG_WARN_SUSPICIOUS_MOVE = YES;
				CLANG_WARN_UNGUARDED_AVAILABILITY = YES_AGGRESSIVE;
				CLANG_WARN_UNREACHABLE_CODE = YES;
				CLANG_WARN__DUPLICATE_METHOD_MATCH = YES;
				COPY_PHASE_STRIP = NO;
				DEBUG_INFORMATION_FORMAT = "dwarf-with-dsym";
				ENABLE_NS_ASSERTIONS = NO;
				ENABLE_STRICT_OBJC_MSGSEND = YES;
				GCC_C_LANGUAGE_STANDARD = gnu11;
				GCC_NO_COMMON_BLOCKS = YES;
				GCC_WARN_64_TO_32_BIT_CONVERSION = YES;
				GCC_WARN_ABOUT_RETURN_TYPE = YES_ERROR;
				GCC_WARN_UNDECLARED_SELECTOR = YES;
				GCC_WARN_UNINITIALIZED_AUTOS = YES_AGGRESSIVE;
				GCC_WARN_UNUSED_FUNCTION = YES;
				GCC_WARN_UNUSED_VARIABLE = YES;
				MTL_ENABLE_DEBUG_INFO = NO;
				MTL_FAST_MATH = YES;
				SDKROOT = appletvos;
				SWIFT_COMPILATION_MODE = wholemodule;
				SWIFT_OPTIMIZATION_LEVEL = "-O";
				TVOS_DEPLOYMENT_TARGET = 13.2;
				VALIDATE_PRODUCT = YES;
			};
			name = Release;
		};
		EA4BFD0B23A7984A008AE10A /* Debug */ = {
			isa = XCBuildConfiguration;
			buildSettings = {
				ASSETCATALOG_COMPILER_APPICON_NAME = "App Icon & Top Shelf Image";
				CODE_SIGN_STYLE = Automatic;
				DEVELOPMENT_TEAM = 7S34V9Z849;
				INFOPLIST_FILE = seasonvarapp/Info.plist;
				LD_RUNPATH_SEARCH_PATHS = (
					"$(inherited)",
					"@executable_path/Frameworks",
				);
				PRODUCT_BUNDLE_IDENTIFIER = shustrik.seasonvarapp;
				PRODUCT_NAME = "$(TARGET_NAME)";
				SWIFT_VERSION = 5.0;
				TARGETED_DEVICE_FAMILY = 3;
			};
			name = Debug;
		};
		EA4BFD0C23A7984A008AE10A /* Release */ = {
			isa = XCBuildConfiguration;
			buildSettings = {
				ASSETCATALOG_COMPILER_APPICON_NAME = "App Icon & Top Shelf Image";
				CODE_SIGN_STYLE = Automatic;
				DEVELOPMENT_TEAM = 7S34V9Z849;
				INFOPLIST_FILE = seasonvarapp/Info.plist;
				LD_RUNPATH_SEARCH_PATHS = (
					"$(inherited)",
					"@executable_path/Frameworks",
				);
				PRODUCT_BUNDLE_IDENTIFIER = shustrik.seasonvarapp;
				PRODUCT_NAME = "$(TARGET_NAME)";
				SWIFT_VERSION = 5.0;
				TARGETED_DEVICE_FAMILY = 3;
			};
			name = Release;
		};
/* End XCBuildConfiguration section */

/* Begin XCConfigurationList section */
		EA4BFCF723A79849008AE10A /* Build configuration list for PBXProject "seasonvarapp" */ = {
			isa = XCConfigurationList;
			buildConfigurations = (
				EA4BFD0823A7984A008AE10A /* Debug */,
				EA4BFD0923A7984A008AE10A /* Release */,
			);
			defaultConfigurationIsVisible = 0;
			defaultConfigurationName = Release;
		};
		EA4BFD0A23A7984A008AE10A /* Build configuration list for PBXNativeTarget "seasonvarapp" */ = {
			isa = XCConfigurationList;
			buildConfigurations = (
				EA4BFD0B23A7984A008AE10A /* Debug */,
				EA4BFD0C23A7984A008AE10A /* Release */,
			);
			defaultConfigurationIsVisible = 0;
			defaultConfigurationName = Release;
		};
/* End XCConfigurationList section */
	};
	rootObject = EA4BFCF423A79849008AE10A /* Project object */;
}
